
Microsoft Visual Studio Solution File, Format Version 12.00
# Visual Studio Version 17
VisualStudioVersion = 17.10.35122.118
MinimumVisualStudioVersion = 10.0.40219.1
Project("{9A19103F-16F7-4668-BE54-9A1E7A4F7556}") = "Round.NET.AvaloniaApp.MinecraftLauncher", "Round.NET.AvaloniaApp.MinecraftLauncher\Round.NET.AvaloniaApp.MinecraftLauncher.csproj", "{66BBA0B0-0941-4019-A936-000AAF0329D2}"
EndProject
Project("{9A19103F-16F7-4668-BE54-9A1E7A4F7556}") = "Round.NET.AvaloniaApp.MinecraftLauncher.Desktop", "Round.NET.AvaloniaApp.MinecraftLauncher.Desktop\Round.NET.AvaloniaApp.MinecraftLauncher.Desktop.csproj", "{173F3482-D36C-40F3-ACAE-3B3DEB699855}"
EndProject
Project("{FAE04EC0-301F-11D3-BF4B-00C04F79EFBC}") = "BedrockPlug", "BedrockPlug\BedrockPlug.csproj", "{E7C2F4F5-B1F8-49CB-8EE8-88CB1E7DDBFF}"
EndProject
Project("{FAE04EC0-301F-11D3-BF4B-00C04F79EFBC}") = "OnlinePlug", "OnlinePlug\OnlinePlug.csproj", "{1E359138-C55C-4A4F-9600-4EB34C3242B0}"
EndProject
Project("{FAE04EC0-301F-11D3-BF4B-00C04F79EFBC}") = "RMCLInstalledOnline", "RMCLInstalledOnline\RMCLInstalledOnline.csproj", "{DD48C5DF-1F57-4FEB-8F81-D91AC87DA859}"
EndProject
Project("{2150E333-8FDC-42A3-9474-1A3956D46DE8}") = "Plugs", "Plugs", "{02100C6B-87EB-40F7-A79C-6CFCC63FB5B6}"
EndProject
Project("{2150E333-8FDC-42A3-9474-1A3956D46DE8}") = "Librarys", "Librarys", "{183D98F8-7694-4506-9C54-C62449D85ED0}"
EndProject
Project("{FAE04EC0-301F-11D3-BF4B-00C04F79EFBC}") = "Round.NET.VersionServerMange.Library", "Round.NET.VersionServerMange.Library\Round.NET.VersionServerMange.Library.csproj", "{5307E283-4AA7-4A6A-BCF9-1B33ABFE4CC9}"
EndProject
Project("{FAE04EC0-301F-11D3-BF4B-00C04F79EFBC}") = "Round.NET.FindJava.Library", "Round.NET.FindJava.Library\Round.NET.FindJava.Library.csproj", "{29DB9A5A-6830-49BC-8982-F5A5340C016C}"
EndProject
Project("{FAE04EC0-301F-11D3-BF4B-00C04F79EFBC}") = "Round.NET.MinecraftPlayerSkin.Library", "Round.NET.MinecraftPlayerSkin.Library\Round.NET.MinecraftPlayerSkin.Library.csproj", "{282469DC-BF66-436C-9E64-2BB0017600C0}"
EndProject
Project("{FAE04EC0-301F-11D3-BF4B-00C04F79EFBC}") = "Round.NET.Updater.Library", "Round.NET.Updater.Library\Round.NET.Updater.Library.csproj", "{F52B35C8-D678-4850-8DBC-864D7381DD33}"
EndProject
Project("{FAE04EC0-301F-11D3-BF4B-00C04F79EFBC}") = "Test", "Test\Test.csproj", "{1B11B8B2-AEB9-4B30-BE40-087E7CF1034D}"
EndProject
Project("{FAE04EC0-301F-11D3-BF4B-00C04F79EFBC}") = "RMCLPlugTools", "RMCLPlugTools\RMCLPlugTools.csproj", "{1A9A91D5-2759-4B60-BB18-1A4AF32A5E29}"
EndProject
Project("{FAE04EC0-301F-11D3-BF4B-00C04F79EFBC}") = "RMCLConfigServer", "RMCLConfigServer\RMCLConfigServer.csproj", "{67853A74-5E2B-4C38-BA9E-74B10B0B7FA1}"
EndProject
Global
	GlobalSection(SolutionConfigurationPlatforms) = preSolution
		Debug|Any CPU = Debug|Any CPU
		Release|Any CPU = Release|Any CPU
	EndGlobalSection
	GlobalSection(ProjectConfigurationPlatforms) = postSolution
		{66BBA0B0-0941-4019-A936-000AAF0329D2}.Debug|Any CPU.ActiveCfg = Debug|Any CPU
		{66BBA0B0-0941-4019-A936-000AAF0329D2}.Debug|Any CPU.Build.0 = Debug|Any CPU
		{66BBA0B0-0941-4019-A936-000AAF0329D2}.Release|Any CPU.ActiveCfg = Release|Any CPU
		{66BBA0B0-0941-4019-A936-000AAF0329D2}.Release|Any CPU.Build.0 = Release|Any CPU
		{173F3482-D36C-40F3-ACAE-3B3DEB699855}.Debug|Any CPU.ActiveCfg = Debug|Any CPU
		{173F3482-D36C-40F3-ACAE-3B3DEB699855}.Debug|Any CPU.Build.0 = Debug|Any CPU
		{173F3482-D36C-40F3-ACAE-3B3DEB699855}.Release|Any CPU.ActiveCfg = Release|Any CPU
		{173F3482-D36C-40F3-ACAE-3B3DEB699855}.Release|Any CPU.Build.0 = Release|Any CPU
		{E7C2F4F5-B1F8-49CB-8EE8-88CB1E7DDBFF}.Debug|Any CPU.ActiveCfg = Debug|Any CPU
		{E7C2F4F5-B1F8-49CB-8EE8-88CB1E7DDBFF}.Debug|Any CPU.Build.0 = Debug|Any CPU
		{E7C2F4F5-B1F8-49CB-8EE8-88CB1E7DDBFF}.Release|Any CPU.ActiveCfg = Release|Any CPU
		{E7C2F4F5-B1F8-49CB-8EE8-88CB1E7DDBFF}.Release|Any CPU.Build.0 = Release|Any CPU
		{1E359138-C55C-4A4F-9600-4EB34C3242B0}.Debug|Any CPU.ActiveCfg = Debug|Any CPU
		{1E359138-C55C-4A4F-9600-4EB34C3242B0}.Debug|Any CPU.Build.0 = Debug|Any CPU
		{1E359138-C55C-4A4F-9600-4EB34C3242B0}.Release|Any CPU.ActiveCfg = Release|Any CPU
		{1E359138-C55C-4A4F-9600-4EB34C3242B0}.Release|Any CPU.Build.0 = Release|Any CPU
		{DD48C5DF-1F57-4FEB-8F81-D91AC87DA859}.Debug|Any CPU.ActiveCfg = Debug|Any CPU
		{DD48C5DF-1F57-4FEB-8F81-D91AC87DA859}.Debug|Any CPU.Build.0 = Debug|Any CPU
		{DD48C5DF-1F57-4FEB-8F81-D91AC87DA859}.Release|Any CPU.ActiveCfg = Release|Any CPU
		{DD48C5DF-1F57-4FEB-8F81-D91AC87DA859}.Release|Any CPU.Build.0 = Release|Any CPU
		{5307E283-4AA7-4A6A-BCF9-1B33ABFE4CC9}.Debug|Any CPU.ActiveCfg = Debug|Any CPU
		{5307E283-4AA7-4A6A-BCF9-1B33ABFE4CC9}.Debug|Any CPU.Build.0 = Debug|Any CPU
		{5307E283-4AA7-4A6A-BCF9-1B33ABFE4CC9}.Release|Any CPU.ActiveCfg = Release|Any CPU
		{5307E283-4AA7-4A6A-BCF9-1B33ABFE4CC9}.Release|Any CPU.Build.0 = Release|Any CPU
		{29DB9A5A-6830-49BC-8982-F5A5340C016C}.Debug|Any CPU.ActiveCfg = Debug|Any CPU
		{29DB9A5A-6830-49BC-8982-F5A5340C016C}.Debug|Any CPU.Build.0 = Debug|Any CPU
		{29DB9A5A-6830-49BC-8982-F5A5340C016C}.Release|Any CPU.ActiveCfg = Release|Any CPU
		{29DB9A5A-6830-49BC-8982-F5A5340C016C}.Release|Any CPU.Build.0 = Release|Any CPU
		{282469DC-BF66-436C-9E64-2BB0017600C0}.Debug|Any CPU.ActiveCfg = Debug|Any CPU
		{282469DC-BF66-436C-9E64-2BB0017600C0}.Debug|Any CPU.Build.0 = Debug|Any CPU
		{282469DC-BF66-436C-9E64-2BB0017600C0}.Release|Any CPU.ActiveCfg = Release|Any CPU
		{282469DC-BF66-436C-9E64-2BB0017600C0}.Release|Any CPU.Build.0 = Release|Any CPU
		{F52B35C8-D678-4850-8DBC-864D7381DD33}.Debug|Any CPU.ActiveCfg = Debug|Any CPU
		{F52B35C8-D678-4850-8DBC-864D7381DD33}.Debug|Any CPU.Build.0 = Debug|Any CPU
		{F52B35C8-D678-4850-8DBC-864D7381DD33}.Release|Any CPU.ActiveCfg = Release|Any CPU
		{F52B35C8-D678-4850-8DBC-864D7381DD33}.Release|Any CPU.Build.0 = Release|Any CPU
		{1B11B8B2-AEB9-4B30-BE40-087E7CF1034D}.Debug|Any CPU.ActiveCfg = Debug|Any CPU
		{1B11B8B2-AEB9-4B30-BE40-087E7CF1034D}.Debug|Any CPU.Build.0 = Debug|Any CPU
		{1B11B8B2-AEB9-4B30-BE40-087E7CF1034D}.Release|Any CPU.ActiveCfg = Release|Any CPU
		{1B11B8B2-AEB9-4B30-BE40-087E7CF1034D}.Release|Any CPU.Build.0 = Release|Any CPU
		{1A9A91D5-2759-4B60-BB18-1A4AF32A5E29}.Debug|Any CPU.ActiveCfg = Debug|Any CPU
		{1A9A91D5-2759-4B60-BB18-1A4AF32A5E29}.Debug|Any CPU.Build.0 = Debug|Any CPU
		{1A9A91D5-2759-4B60-BB18-1A4AF32A5E29}.Release|Any CPU.ActiveCfg = Release|Any CPU
		{1A9A91D5-2759-4B60-BB18-1A4AF32A5E29}.Release|Any CPU.Build.0 = Release|Any CPU
		{67853A74-5E2B-4C38-BA9E-74B10B0B7FA1}.Debug|Any CPU.ActiveCfg = Debug|Any CPU
		{67853A74-5E2B-4C38-BA9E-74B10B0B7FA1}.Debug|Any CPU.Build.0 = Debug|Any CPU
		{67853A74-5E2B-4C38-BA9E-74B10B0B7FA1}.Release|Any CPU.ActiveCfg = Release|Any CPU
		{67853A74-5E2B-4C38-BA9E-74B10B0B7FA1}.Release|Any CPU.Build.0 = Release|Any CPU
	EndGlobalSection
	GlobalSection(SolutionProperties) = preSolution
		HideSolutionNode = FALSE
	EndGlobalSection
	GlobalSection(ExtensibilityGlobals) = postSolution
		SolutionGuid = {18F30414-0E2D-4CD4-8BA9-ACC7CE5A4368}
	EndGlobalSection
	GlobalSection(NestedProjects) = preSolution
		{E7C2F4F5-B1F8-49CB-8EE8-88CB1E7DDBFF} = {02100C6B-87EB-40F7-A79C-6CFCC63FB5B6}
		{1E359138-C55C-4A4F-9600-4EB34C3242B0} = {02100C6B-87EB-40F7-A79C-6CFCC63FB5B6}
		{5307E283-4AA7-4A6A-BCF9-1B33ABFE4CC9} = {183D98F8-7694-4506-9C54-C62449D85ED0}
		{29DB9A5A-6830-49BC-8982-F5A5340C016C} = {183D98F8-7694-4506-9C54-C62449D85ED0}
		{282469DC-BF66-436C-9E64-2BB0017600C0} = {183D98F8-7694-4506-9C54-C62449D85ED0}
		{F52B35C8-D678-4850-8DBC-864D7381DD33} = {183D98F8-7694-4506-9C54-C62449D85ED0}
	EndGlobalSection
EndGlobal
