
Microsoft Visual Studio Solution File, Format Version 12.00
Project("{FAE04EC0-301F-11D3-BF4B-00C04F79EFBC}") = "RMCL", "RMCL\RMCL.csproj", "{E785506F-4E62-4D2B-8ED8-730550C1FEF1}"
EndProject
Project("{FAE04EC0-301F-11D3-BF4B-00C04F79EFBC}") = "RMCL.Config", "RMCL.Config\RMCL.Config.csproj", "{EE00B849-2D11-42F0-A0AC-2F1F3B00B269}"
EndProject
Project("{FAE04EC0-301F-11D3-BF4B-00C04F79EFBC}") = "RMCL.Controls", "RMCL.Controls\RMCL.Controls.csproj", "{4F46F888-CA9C-41FD-AC71-C03698949A6B}"
EndProject
Project("{FAE04EC0-301F-11D3-BF4B-00C04F79EFBC}") = "RMCL.DownloadService", "RMCL.DownloadService\RMCL.DownloadService.csproj", "{9497AE39-39FF-4A58-864A-89B9B6A27B63}"
EndProject
Project("{FAE04EC0-301F-11D3-BF4B-00C04F79EFBC}") = "RMCL.JavaManager", "RMCL.JavaManager\RMCL.JavaManager.csproj", "{16738C71-5365-4A88-9E87-D0AB0FE1EA5D}"
EndProject
Project("{FAE04EC0-301F-11D3-BF4B-00C04F79EFBC}") = "RMCL.Base", "RMCL.Base\RMCL.Base.csproj", "{AA2612A4-172B-47B2-B1DA-89EF4EB7D930}"
EndProject
Project("{FAE04EC0-301F-11D3-BF4B-00C04F79EFBC}") = "RMCL.Logger", "RMCL.Logger\RMCL.Logger.csproj", "{83C26A7C-887D-4135-8F0D-0A2E18E6FAEA}"
EndProject
Project("{FAE04EC0-301F-11D3-BF4B-00C04F79EFBC}") = "RMCL.Desktop", "RMCL.Desktop\RMCL.Desktop.csproj", "{9BB12BFC-38BE-4B99-9CEA-191DA403B725}"
EndProject
Project("{FAE04EC0-301F-11D3-BF4B-00C04F79EFBC}") = "RMCL.ClientManager", "RMCL.ClientManager\RMCL.ClientManager.csproj", "{9B19B8ED-AC96-45EE-83CD-D77E69A0E0BA}"
EndProject
Project("{FAE04EC0-301F-11D3-BF4B-00C04F79EFBC}") = "RMCL.PathsDictionary", "RMCL.PathsDictionary\RMCL.PathsDictionary.csproj", "{7CDF0FDB-D7DD-4913-9A76-8A9FE6E2E5B8}"
EndProject
Project("{FAE04EC0-301F-11D3-BF4B-00C04F79EFBC}") = "CompositionScroll", "CompositionScroll\CompositionScroll.csproj", "{C76FCD04-EB37-44CF-A9A9-AF452FE05D71}"
EndProject
Project("{FAE04EC0-301F-11D3-BF4B-00C04F79EFBC}") = "RMCL.NetworkService", "RMCL.NetworkService\RMCL.NetworkService.csproj", "{92BB8208-4416-4DB6-B771-D40C61514742}"
EndProject
Project("{FAE04EC0-301F-11D3-BF4B-00C04F79EFBC}") = "RMCL.Update", "RMCL.Update\RMCL.Update.csproj", "{AE57B78A-06EE-4AD6-A4BC-DF70699A608B}"
EndProject
Global
	GlobalSection(SolutionConfigurationPlatforms) = preSolution
		Debug|Any CPU = Debug|Any CPU
		Release|Any CPU = Release|Any CPU
	EndGlobalSection
	GlobalSection(ProjectConfigurationPlatforms) = postSolution
		{E785506F-4E62-4D2B-8ED8-730550C1FEF1}.Debug|Any CPU.ActiveCfg = Debug|Any CPU
		{E785506F-4E62-4D2B-8ED8-730550C1FEF1}.Debug|Any CPU.Build.0 = Debug|Any CPU
		{E785506F-4E62-4D2B-8ED8-730550C1FEF1}.Release|Any CPU.ActiveCfg = Release|Any CPU
		{E785506F-4E62-4D2B-8ED8-730550C1FEF1}.Release|Any CPU.Build.0 = Release|Any CPU
		{EE00B849-2D11-42F0-A0AC-2F1F3B00B269}.Debug|Any CPU.ActiveCfg = Debug|Any CPU
		{EE00B849-2D11-42F0-A0AC-2F1F3B00B269}.Debug|Any CPU.Build.0 = Debug|Any CPU
		{EE00B849-2D11-42F0-A0AC-2F1F3B00B269}.Release|Any CPU.ActiveCfg = Release|Any CPU
		{EE00B849-2D11-42F0-A0AC-2F1F3B00B269}.Release|Any CPU.Build.0 = Release|Any CPU
		{4F46F888-CA9C-41FD-AC71-C03698949A6B}.Debug|Any CPU.ActiveCfg = Debug|Any CPU
		{4F46F888-CA9C-41FD-AC71-C03698949A6B}.Debug|Any CPU.Build.0 = Debug|Any CPU
		{4F46F888-CA9C-41FD-AC71-C03698949A6B}.Release|Any CPU.ActiveCfg = Release|Any CPU
		{4F46F888-CA9C-41FD-AC71-C03698949A6B}.Release|Any CPU.Build.0 = Release|Any CPU
		{9497AE39-39FF-4A58-864A-89B9B6A27B63}.Debug|Any CPU.ActiveCfg = Debug|Any CPU
		{9497AE39-39FF-4A58-864A-89B9B6A27B63}.Debug|Any CPU.Build.0 = Debug|Any CPU
		{9497AE39-39FF-4A58-864A-89B9B6A27B63}.Release|Any CPU.ActiveCfg = Release|Any CPU
		{9497AE39-39FF-4A58-864A-89B9B6A27B63}.Release|Any CPU.Build.0 = Release|Any CPU
		{16738C71-5365-4A88-9E87-D0AB0FE1EA5D}.Debug|Any CPU.ActiveCfg = Debug|Any CPU
		{16738C71-5365-4A88-9E87-D0AB0FE1EA5D}.Debug|Any CPU.Build.0 = Debug|Any CPU
		{16738C71-5365-4A88-9E87-D0AB0FE1EA5D}.Release|Any CPU.ActiveCfg = Release|Any CPU
		{16738C71-5365-4A88-9E87-D0AB0FE1EA5D}.Release|Any CPU.Build.0 = Release|Any CPU
		{AA2612A4-172B-47B2-B1DA-89EF4EB7D930}.Debug|Any CPU.ActiveCfg = Debug|Any CPU
		{AA2612A4-172B-47B2-B1DA-89EF4EB7D930}.Debug|Any CPU.Build.0 = Debug|Any CPU
		{AA2612A4-172B-47B2-B1DA-89EF4EB7D930}.Release|Any CPU.ActiveCfg = Release|Any CPU
		{AA2612A4-172B-47B2-B1DA-89EF4EB7D930}.Release|Any CPU.Build.0 = Release|Any CPU
		{83C26A7C-887D-4135-8F0D-0A2E18E6FAEA}.Debug|Any CPU.ActiveCfg = Debug|Any CPU
		{83C26A7C-887D-4135-8F0D-0A2E18E6FAEA}.Debug|Any CPU.Build.0 = Debug|Any CPU
		{83C26A7C-887D-4135-8F0D-0A2E18E6FAEA}.Release|Any CPU.ActiveCfg = Release|Any CPU
		{83C26A7C-887D-4135-8F0D-0A2E18E6FAEA}.Release|Any CPU.Build.0 = Release|Any CPU
		{9BB12BFC-38BE-4B99-9CEA-191DA403B725}.Debug|Any CPU.ActiveCfg = Debug|Any CPU
		{9BB12BFC-38BE-4B99-9CEA-191DA403B725}.Debug|Any CPU.Build.0 = Debug|Any CPU
		{9BB12BFC-38BE-4B99-9CEA-191DA403B725}.Release|Any CPU.ActiveCfg = Release|Any CPU
		{9BB12BFC-38BE-4B99-9CEA-191DA403B725}.Release|Any CPU.Build.0 = Release|Any CPU
		{9B19B8ED-AC96-45EE-83CD-D77E69A0E0BA}.Debug|Any CPU.ActiveCfg = Debug|Any CPU
		{9B19B8ED-AC96-45EE-83CD-D77E69A0E0BA}.Debug|Any CPU.Build.0 = Debug|Any CPU
		{9B19B8ED-AC96-45EE-83CD-D77E69A0E0BA}.Release|Any CPU.ActiveCfg = Release|Any CPU
		{9B19B8ED-AC96-45EE-83CD-D77E69A0E0BA}.Release|Any CPU.Build.0 = Release|Any CPU
		{7CDF0FDB-D7DD-4913-9A76-8A9FE6E2E5B8}.Debug|Any CPU.ActiveCfg = Debug|Any CPU
		{7CDF0FDB-D7DD-4913-9A76-8A9FE6E2E5B8}.Debug|Any CPU.Build.0 = Debug|Any CPU
		{7CDF0FDB-D7DD-4913-9A76-8A9FE6E2E5B8}.Release|Any CPU.ActiveCfg = Release|Any CPU
		{7CDF0FDB-D7DD-4913-9A76-8A9FE6E2E5B8}.Release|Any CPU.Build.0 = Release|Any CPU
		{C76FCD04-EB37-44CF-A9A9-AF452FE05D71}.Debug|Any CPU.ActiveCfg = Debug|Any CPU
		{C76FCD04-EB37-44CF-A9A9-AF452FE05D71}.Debug|Any CPU.Build.0 = Debug|Any CPU
		{C76FCD04-EB37-44CF-A9A9-AF452FE05D71}.Release|Any CPU.ActiveCfg = Release|Any CPU
		{C76FCD04-EB37-44CF-A9A9-AF452FE05D71}.Release|Any CPU.Build.0 = Release|Any CPU
		{92BB8208-4416-4DB6-B771-D40C61514742}.Debug|Any CPU.ActiveCfg = Debug|Any CPU
		{92BB8208-4416-4DB6-B771-D40C61514742}.Debug|Any CPU.Build.0 = Debug|Any CPU
		{92BB8208-4416-4DB6-B771-D40C61514742}.Release|Any CPU.ActiveCfg = Release|Any CPU
		{92BB8208-4416-4DB6-B771-D40C61514742}.Release|Any CPU.Build.0 = Release|Any CPU
		{AE57B78A-06EE-4AD6-A4BC-DF70699A608B}.Debug|Any CPU.ActiveCfg = Debug|Any CPU
		{AE57B78A-06EE-4AD6-A4BC-DF70699A608B}.Debug|Any CPU.Build.0 = Debug|Any CPU
		{AE57B78A-06EE-4AD6-A4BC-DF70699A608B}.Release|Any CPU.ActiveCfg = Release|Any CPU
		{AE57B78A-06EE-4AD6-A4BC-DF70699A608B}.Release|Any CPU.Build.0 = Release|Any CPU
	EndGlobalSection
EndGlobal
