
Microsoft Visual Studio Solution File, Format Version 12.00
Project("{FAE04EC0-301F-11D3-BF4B-00C04F79EFBC}") = "RMCL.Core", "RMCL.Core\RMCL.Core.csproj", "{E785506F-4E62-4D2B-8ED8-730550C1FEF1}"
EndProject
Project("{FAE04EC0-301F-11D3-BF4B-00C04F79EFBC}") = "RMCL.Config", "RMCL.Config\RMCL.Config.csproj", "{EE00B849-2D11-42F0-A0AC-2F1F3B00B269}"
EndProject
Project("{FAE04EC0-301F-11D3-BF4B-00C04F79EFBC}") = "RMCL.Controls", "RMCL.Controls\RMCL.Controls.csproj", "{4F46F888-CA9C-41FD-AC71-C03698949A6B}"
EndProject
Project("{FAE04EC0-301F-11D3-BF4B-00C04F79EFBC}") = "RMCL.DownloadService", "RMCL.DownloadService\RMCL.DownloadService.csproj", "{9497AE39-39FF-4A58-864A-89B9B6A27B63}"
EndProject
Project("{FAE04EC0-301F-11D3-BF4B-00C04F79EFBC}") = "RMCL.JavaManager", "RMCL.JavaManager\RMCL.JavaManager.csproj", "{16738C71-5365-4A88-9E87-D0AB0FE1EA5D}"
EndProject
Project("{FAE04EC0-301F-11D3-BF4B-00C04F79EFBC}") = "RMCL.Base", "RMCL.Base\RMCL.Base.csproj", "{AA2612A4-172B-47B2-B1DA-89EF4EB7D930}"
EndProject
Project("{FAE04EC0-301F-11D3-BF4B-00C04F79EFBC}") = "RMCL.Logger", "RMCL.Logger\RMCL.Logger.csproj", "{83C26A7C-887D-4135-8F0D-0A2E18E6FAEA}"
EndProject
Project("{FAE04EC0-301F-11D3-BF4B-00C04F79EFBC}") = "RMCL", "RMCL\RMCL.csproj", "{9BB12BFC-38BE-4B99-9CEA-191DA403B725}"
EndProject
Project("{FAE04EC0-301F-11D3-BF4B-00C04F79EFBC}") = "RMCL.ClientManager", "RMCL.ClientManager\RMCL.ClientManager.csproj", "{9B19B8ED-AC96-45EE-83CD-D77E69A0E0BA}"
EndProject
Project("{FAE04EC0-301F-11D3-BF4B-00C04F79EFBC}") = "RMCL.PathsDictionary", "RMCL.PathsDictionary\RMCL.PathsDictionary.csproj", "{7CDF0FDB-D7DD-4913-9A76-8A9FE6E2E5B8}"
EndProject
Project("{FAE04EC0-301F-11D3-BF4B-00C04F79EFBC}") = "CompositionScroll", "CompositionScroll\CompositionScroll.csproj", "{C76FCD04-EB37-44CF-A9A9-AF452FE05D71}"
EndProject
Project("{FAE04EC0-301F-11D3-BF4B-00C04F79EFBC}") = "RMCL.NetworkService", "RMCL.NetworkService\RMCL.NetworkService.csproj", "{92BB8208-4416-4DB6-B771-D40C61514742}"
EndProject
Project("{FAE04EC0-301F-11D3-BF4B-00C04F79EFBC}") = "RMCL.Update", "RMCL.Update\RMCL.Update.csproj", "{AE57B78A-06EE-4AD6-A4BC-DF70699A608B}"
EndProject
Project("{FAE04EC0-301F-11D3-BF4B-00C04F79EFBC}") = "RMCL.Plug", "RMCL.Plug\RMCL.Plug.csproj", "{DC54B9F7-BBBD-4FBA-ACE7-40A87336067E}"
EndProject
Project("{FAE04EC0-301F-11D3-BF4B-00C04F79EFBC}") = "RMCL.LoadModInfo", "RMCL.LoadModInfo\RMCL.LoadModInfo.csproj", "{5B7F039B-2998-40F1-9237-E58F9AC98FA8}"
EndProject
Project("{FAE04EC0-301F-11D3-BF4B-00C04F79EFBC}") = "RMCL.AssetsCenter", "RMCL.AssetsCenter\RMCL.AssetsCenter.csproj", "{048F403F-44BF-4DC5-BAEB-1BA633A3EAC1}"
EndProject
Project("{FAE04EC0-301F-11D3-BF4B-00C04F79EFBC}") = "RMCL.SystemHelper", "RMCL.SystemHelper\RMCL.SystemHelper.csproj", "{C7A2EB38-F2A5-48EA-BC0B-CD14ED78277A}"
EndProject
Project("{FAE04EC0-301F-11D3-BF4B-00C04F79EFBC}") = "RMCL.LogAnalyzer", "RMCL.LogAnalyzer\RMCL.LogAnalyzer.csproj", "{FCBBF833-D1DC-40F1-9B37-4C97C4B3250D}"
EndProject
Project("{2150E333-8FDC-42A3-9474-1A3956D46DE8}") = "LiteSkinViewer3D", "LiteSkinViewer3D", "{302902F0-6F70-44EC-B0C1-69780E6963E2}"
EndProject
Project("{FAE04EC0-301F-11D3-BF4B-00C04F79EFBC}") = "LiteSkinViewer3D", "LiteSkinViewer3D\LiteSkinViewer3D.csproj", "{33F6E3FE-39D6-4056-B77D-C11866A507DC}"
EndProject
Project("{FAE04EC0-301F-11D3-BF4B-00C04F79EFBC}") = "LiteSkinViewer3D.Shared", "LiteSkinViewer3D.Shared\LiteSkinViewer3D.Shared.csproj", "{24C9E995-F139-42D3-831B-8791F6E5C95C}"
EndProject
Project("{FAE04EC0-301F-11D3-BF4B-00C04F79EFBC}") = "RMCL.MusicPlayer", "RMCL.MusicPlayer\RMCL.MusicPlayer.csproj", "{D9676440-C7B8-4E0B-988C-08B01D629727}"
EndProject
Project("{FAE04EC0-301F-11D3-BF4B-00C04F79EFBC}") = "RMCL.GameDrawerManager", "RMCL.GameDrawerManager\RMCL.GameDrawerManager.csproj", "{4BBC011E-2E0B-4870-8CF5-984021E99313}"
EndProject
Project("{FAE04EC0-301F-11D3-BF4B-00C04F79EFBC}") = "RMCL.AssetsPool", "RMCL.AssetsPool\RMCL.AssetsPool.csproj", "{30805A0D-4BC4-4266-9897-11859563AFA4}"
EndProject
Global
	GlobalSection(SolutionConfigurationPlatforms) = preSolution
		Debug|Any CPU = Debug|Any CPU
		Release|Any CPU = Release|Any CPU
	EndGlobalSection
	GlobalSection(ProjectConfigurationPlatforms) = postSolution
		{E785506F-4E62-4D2B-8ED8-730550C1FEF1}.Debug|Any CPU.ActiveCfg = Debug|Any CPU
		{E785506F-4E62-4D2B-8ED8-730550C1FEF1}.Debug|Any CPU.Build.0 = Debug|Any CPU
		{E785506F-4E62-4D2B-8ED8-730550C1FEF1}.Release|Any CPU.ActiveCfg = Release|Any CPU
		{E785506F-4E62-4D2B-8ED8-730550C1FEF1}.Release|Any CPU.Build.0 = Release|Any CPU
		{EE00B849-2D11-42F0-A0AC-2F1F3B00B269}.Debug|Any CPU.ActiveCfg = Debug|Any CPU
		{EE00B849-2D11-42F0-A0AC-2F1F3B00B269}.Debug|Any CPU.Build.0 = Debug|Any CPU
		{EE00B849-2D11-42F0-A0AC-2F1F3B00B269}.Release|Any CPU.ActiveCfg = Release|Any CPU
		{EE00B849-2D11-42F0-A0AC-2F1F3B00B269}.Release|Any CPU.Build.0 = Release|Any CPU
		{4F46F888-CA9C-41FD-AC71-C03698949A6B}.Debug|Any CPU.ActiveCfg = Debug|Any CPU
		{4F46F888-CA9C-41FD-AC71-C03698949A6B}.Debug|Any CPU.Build.0 = Debug|Any CPU
		{4F46F888-CA9C-41FD-AC71-C03698949A6B}.Release|Any CPU.ActiveCfg = Release|Any CPU
		{4F46F888-CA9C-41FD-AC71-C03698949A6B}.Release|Any CPU.Build.0 = Release|Any CPU
		{9497AE39-39FF-4A58-864A-89B9B6A27B63}.Debug|Any CPU.ActiveCfg = Debug|Any CPU
		{9497AE39-39FF-4A58-864A-89B9B6A27B63}.Debug|Any CPU.Build.0 = Debug|Any CPU
		{9497AE39-39FF-4A58-864A-89B9B6A27B63}.Release|Any CPU.ActiveCfg = Release|Any CPU
		{9497AE39-39FF-4A58-864A-89B9B6A27B63}.Release|Any CPU.Build.0 = Release|Any CPU
		{16738C71-5365-4A88-9E87-D0AB0FE1EA5D}.Debug|Any CPU.ActiveCfg = Debug|Any CPU
		{16738C71-5365-4A88-9E87-D0AB0FE1EA5D}.Debug|Any CPU.Build.0 = Debug|Any CPU
		{16738C71-5365-4A88-9E87-D0AB0FE1EA5D}.Release|Any CPU.ActiveCfg = Release|Any CPU
		{16738C71-5365-4A88-9E87-D0AB0FE1EA5D}.Release|Any CPU.Build.0 = Release|Any CPU
		{AA2612A4-172B-47B2-B1DA-89EF4EB7D930}.Debug|Any CPU.ActiveCfg = Debug|Any CPU
		{AA2612A4-172B-47B2-B1DA-89EF4EB7D930}.Debug|Any CPU.Build.0 = Debug|Any CPU
		{AA2612A4-172B-47B2-B1DA-89EF4EB7D930}.Release|Any CPU.ActiveCfg = Release|Any CPU
		{AA2612A4-172B-47B2-B1DA-89EF4EB7D930}.Release|Any CPU.Build.0 = Release|Any CPU
		{83C26A7C-887D-4135-8F0D-0A2E18E6FAEA}.Debug|Any CPU.ActiveCfg = Debug|Any CPU
		{83C26A7C-887D-4135-8F0D-0A2E18E6FAEA}.Debug|Any CPU.Build.0 = Debug|Any CPU
		{83C26A7C-887D-4135-8F0D-0A2E18E6FAEA}.Release|Any CPU.ActiveCfg = Release|Any CPU
		{83C26A7C-887D-4135-8F0D-0A2E18E6FAEA}.Release|Any CPU.Build.0 = Release|Any CPU
		{9BB12BFC-38BE-4B99-9CEA-191DA403B725}.Debug|Any CPU.ActiveCfg = Debug|Any CPU
		{9BB12BFC-38BE-4B99-9CEA-191DA403B725}.Debug|Any CPU.Build.0 = Debug|Any CPU
		{9BB12BFC-38BE-4B99-9CEA-191DA403B725}.Release|Any CPU.ActiveCfg = Release|Any CPU
		{9BB12BFC-38BE-4B99-9CEA-191DA403B725}.Release|Any CPU.Build.0 = Release|Any CPU
		{9B19B8ED-AC96-45EE-83CD-D77E69A0E0BA}.Debug|Any CPU.ActiveCfg = Debug|Any CPU
		{9B19B8ED-AC96-45EE-83CD-D77E69A0E0BA}.Debug|Any CPU.Build.0 = Debug|Any CPU
		{9B19B8ED-AC96-45EE-83CD-D77E69A0E0BA}.Release|Any CPU.ActiveCfg = Release|Any CPU
		{9B19B8ED-AC96-45EE-83CD-D77E69A0E0BA}.Release|Any CPU.Build.0 = Release|Any CPU
		{7CDF0FDB-D7DD-4913-9A76-8A9FE6E2E5B8}.Debug|Any CPU.ActiveCfg = Debug|Any CPU
		{7CDF0FDB-D7DD-4913-9A76-8A9FE6E2E5B8}.Debug|Any CPU.Build.0 = Debug|Any CPU
		{7CDF0FDB-D7DD-4913-9A76-8A9FE6E2E5B8}.Release|Any CPU.ActiveCfg = Release|Any CPU
		{7CDF0FDB-D7DD-4913-9A76-8A9FE6E2E5B8}.Release|Any CPU.Build.0 = Release|Any CPU
		{C76FCD04-EB37-44CF-A9A9-AF452FE05D71}.Debug|Any CPU.ActiveCfg = Debug|Any CPU
		{C76FCD04-EB37-44CF-A9A9-AF452FE05D71}.Debug|Any CPU.Build.0 = Debug|Any CPU
		{C76FCD04-EB37-44CF-A9A9-AF452FE05D71}.Release|Any CPU.ActiveCfg = Release|Any CPU
		{C76FCD04-EB37-44CF-A9A9-AF452FE05D71}.Release|Any CPU.Build.0 = Release|Any CPU
		{92BB8208-4416-4DB6-B771-D40C61514742}.Debug|Any CPU.ActiveCfg = Debug|Any CPU
		{92BB8208-4416-4DB6-B771-D40C61514742}.Debug|Any CPU.Build.0 = Debug|Any CPU
		{92BB8208-4416-4DB6-B771-D40C61514742}.Release|Any CPU.ActiveCfg = Release|Any CPU
		{92BB8208-4416-4DB6-B771-D40C61514742}.Release|Any CPU.Build.0 = Release|Any CPU
		{AE57B78A-06EE-4AD6-A4BC-DF70699A608B}.Debug|Any CPU.ActiveCfg = Debug|Any CPU
		{AE57B78A-06EE-4AD6-A4BC-DF70699A608B}.Debug|Any CPU.Build.0 = Debug|Any CPU
		{AE57B78A-06EE-4AD6-A4BC-DF70699A608B}.Release|Any CPU.ActiveCfg = Release|Any CPU
		{AE57B78A-06EE-4AD6-A4BC-DF70699A608B}.Release|Any CPU.Build.0 = Release|Any CPU
		{DC54B9F7-BBBD-4FBA-ACE7-40A87336067E}.Debug|Any CPU.ActiveCfg = Debug|Any CPU
		{DC54B9F7-BBBD-4FBA-ACE7-40A87336067E}.Debug|Any CPU.Build.0 = Debug|Any CPU
		{DC54B9F7-BBBD-4FBA-ACE7-40A87336067E}.Release|Any CPU.ActiveCfg = Release|Any CPU
		{DC54B9F7-BBBD-4FBA-ACE7-40A87336067E}.Release|Any CPU.Build.0 = Release|Any CPU
		{5B7F039B-2998-40F1-9237-E58F9AC98FA8}.Debug|Any CPU.ActiveCfg = Debug|Any CPU
		{5B7F039B-2998-40F1-9237-E58F9AC98FA8}.Debug|Any CPU.Build.0 = Debug|Any CPU
		{5B7F039B-2998-40F1-9237-E58F9AC98FA8}.Release|Any CPU.ActiveCfg = Release|Any CPU
		{5B7F039B-2998-40F1-9237-E58F9AC98FA8}.Release|Any CPU.Build.0 = Release|Any CPU
		{048F403F-44BF-4DC5-BAEB-1BA633A3EAC1}.Debug|Any CPU.ActiveCfg = Debug|Any CPU
		{048F403F-44BF-4DC5-BAEB-1BA633A3EAC1}.Debug|Any CPU.Build.0 = Debug|Any CPU
		{048F403F-44BF-4DC5-BAEB-1BA633A3EAC1}.Release|Any CPU.ActiveCfg = Release|Any CPU
		{048F403F-44BF-4DC5-BAEB-1BA633A3EAC1}.Release|Any CPU.Build.0 = Release|Any CPU
		{C7A2EB38-F2A5-48EA-BC0B-CD14ED78277A}.Debug|Any CPU.ActiveCfg = Debug|Any CPU
		{C7A2EB38-F2A5-48EA-BC0B-CD14ED78277A}.Debug|Any CPU.Build.0 = Debug|Any CPU
		{C7A2EB38-F2A5-48EA-BC0B-CD14ED78277A}.Release|Any CPU.ActiveCfg = Release|Any CPU
		{C7A2EB38-F2A5-48EA-BC0B-CD14ED78277A}.Release|Any CPU.Build.0 = Release|Any CPU
		{FCBBF833-D1DC-40F1-9B37-4C97C4B3250D}.Debug|Any CPU.ActiveCfg = Debug|Any CPU
		{FCBBF833-D1DC-40F1-9B37-4C97C4B3250D}.Debug|Any CPU.Build.0 = Debug|Any CPU
		{FCBBF833-D1DC-40F1-9B37-4C97C4B3250D}.Release|Any CPU.ActiveCfg = Release|Any CPU
		{FCBBF833-D1DC-40F1-9B37-4C97C4B3250D}.Release|Any CPU.Build.0 = Release|Any CPU
		{33F6E3FE-39D6-4056-B77D-C11866A507DC}.Debug|Any CPU.ActiveCfg = Debug|Any CPU
		{33F6E3FE-39D6-4056-B77D-C11866A507DC}.Debug|Any CPU.Build.0 = Debug|Any CPU
		{33F6E3FE-39D6-4056-B77D-C11866A507DC}.Release|Any CPU.ActiveCfg = Release|Any CPU
		{33F6E3FE-39D6-4056-B77D-C11866A507DC}.Release|Any CPU.Build.0 = Release|Any CPU
		{24C9E995-F139-42D3-831B-8791F6E5C95C}.Debug|Any CPU.ActiveCfg = Debug|Any CPU
		{24C9E995-F139-42D3-831B-8791F6E5C95C}.Debug|Any CPU.Build.0 = Debug|Any CPU
		{24C9E995-F139-42D3-831B-8791F6E5C95C}.Release|Any CPU.ActiveCfg = Release|Any CPU
		{24C9E995-F139-42D3-831B-8791F6E5C95C}.Release|Any CPU.Build.0 = Release|Any CPU
		{D9676440-C7B8-4E0B-988C-08B01D629727}.Debug|Any CPU.ActiveCfg = Debug|Any CPU
		{D9676440-C7B8-4E0B-988C-08B01D629727}.Debug|Any CPU.Build.0 = Debug|Any CPU
		{D9676440-C7B8-4E0B-988C-08B01D629727}.Release|Any CPU.ActiveCfg = Release|Any CPU
		{D9676440-C7B8-4E0B-988C-08B01D629727}.Release|Any CPU.Build.0 = Release|Any CPU
		{4BBC011E-2E0B-4870-8CF5-984021E99313}.Debug|Any CPU.ActiveCfg = Debug|Any CPU
		{4BBC011E-2E0B-4870-8CF5-984021E99313}.Debug|Any CPU.Build.0 = Debug|Any CPU
		{4BBC011E-2E0B-4870-8CF5-984021E99313}.Release|Any CPU.ActiveCfg = Release|Any CPU
		{4BBC011E-2E0B-4870-8CF5-984021E99313}.Release|Any CPU.Build.0 = Release|Any CPU
		{30805A0D-4BC4-4266-9897-11859563AFA4}.Debug|Any CPU.ActiveCfg = Debug|Any CPU
		{30805A0D-4BC4-4266-9897-11859563AFA4}.Debug|Any CPU.Build.0 = Debug|Any CPU
		{30805A0D-4BC4-4266-9897-11859563AFA4}.Release|Any CPU.ActiveCfg = Release|Any CPU
		{30805A0D-4BC4-4266-9897-11859563AFA4}.Release|Any CPU.Build.0 = Release|Any CPU
	EndGlobalSection
	GlobalSection(NestedProjects) = preSolution
		{33F6E3FE-39D6-4056-B77D-C11866A507DC} = {302902F0-6F70-44EC-B0C1-69780E6963E2}
		{24C9E995-F139-42D3-831B-8791F6E5C95C} = {302902F0-6F70-44EC-B0C1-69780E6963E2}
	EndGlobalSection
EndGlobal
