
Microsoft Visual Studio Solution File, Format Version 12.00
Project("{FAE04EC0-301F-11D3-BF4B-00C04F79EFBC}") = "RMCL", "RMCL\RMCL.csproj", "{E785506F-4E62-4D2B-8ED8-730550C1FEF1}"
EndProject
Project("{FAE04EC0-301F-11D3-BF4B-00C04F79EFBC}") = "RMCL.Config", "RMCL.Config\RMCL.Config.csproj", "{EE00B849-2D11-42F0-A0AC-2F1F3B00B269}"
EndProject
Project("{FAE04EC0-301F-11D3-BF4B-00C04F79EFBC}") = "RMCL.Controls", "RMCL.Controls\RMCL.Controls.csproj", "{4F46F888-CA9C-41FD-AC71-C03698949A6B}"
EndProject
Project("{FAE04EC0-301F-11D3-BF4B-00C04F79EFBC}") = "RMCL.DownloadService", "RMCL.DownloadService\RMCL.DownloadService.csproj", "{9497AE39-39FF-4A58-864A-89B9B6A27B63}"
EndProject
Project("{FAE04EC0-301F-11D3-BF4B-00C04F79EFBC}") = "RMCL.JavaManager", "RMCL.JavaManager\RMCL.JavaManager.csproj", "{16738C71-5365-4A88-9E87-D0AB0FE1EA5D}"
EndProject
Project("{FAE04EC0-301F-11D3-BF4B-00C04F79EFBC}") = "RMCL.Base", "RMCL.Base\RMCL.Base.csproj", "{AA2612A4-172B-47B2-B1DA-89EF4EB7D930}"
EndProject
Global
	GlobalSection(SolutionConfigurationPlatforms) = preSolution
		Debug|Any CPU = Debug|Any CPU
		Release|Any CPU = Release|Any CPU
	EndGlobalSection
	GlobalSection(ProjectConfigurationPlatforms) = postSolution
		{E785506F-4E62-4D2B-8ED8-730550C1FEF1}.Debug|Any CPU.ActiveCfg = Debug|Any CPU
		{E785506F-4E62-4D2B-8ED8-730550C1FEF1}.Debug|Any CPU.Build.0 = Debug|Any CPU
		{E785506F-4E62-4D2B-8ED8-730550C1FEF1}.Release|Any CPU.ActiveCfg = Release|Any CPU
		{E785506F-4E62-4D2B-8ED8-730550C1FEF1}.Release|Any CPU.Build.0 = Release|Any CPU
		{EE00B849-2D11-42F0-A0AC-2F1F3B00B269}.Debug|Any CPU.ActiveCfg = Debug|Any CPU
		{EE00B849-2D11-42F0-A0AC-2F1F3B00B269}.Debug|Any CPU.Build.0 = Debug|Any CPU
		{EE00B849-2D11-42F0-A0AC-2F1F3B00B269}.Release|Any CPU.ActiveCfg = Release|Any CPU
		{EE00B849-2D11-42F0-A0AC-2F1F3B00B269}.Release|Any CPU.Build.0 = Release|Any CPU
		{4F46F888-CA9C-41FD-AC71-C03698949A6B}.Debug|Any CPU.ActiveCfg = Debug|Any CPU
		{4F46F888-CA9C-41FD-AC71-C03698949A6B}.Debug|Any CPU.Build.0 = Debug|Any CPU
		{4F46F888-CA9C-41FD-AC71-C03698949A6B}.Release|Any CPU.ActiveCfg = Release|Any CPU
		{4F46F888-CA9C-41FD-AC71-C03698949A6B}.Release|Any CPU.Build.0 = Release|Any CPU
		{9497AE39-39FF-4A58-864A-89B9B6A27B63}.Debug|Any CPU.ActiveCfg = Debug|Any CPU
		{9497AE39-39FF-4A58-864A-89B9B6A27B63}.Debug|Any CPU.Build.0 = Debug|Any CPU
		{9497AE39-39FF-4A58-864A-89B9B6A27B63}.Release|Any CPU.ActiveCfg = Release|Any CPU
		{9497AE39-39FF-4A58-864A-89B9B6A27B63}.Release|Any CPU.Build.0 = Release|Any CPU
		{16738C71-5365-4A88-9E87-D0AB0FE1EA5D}.Debug|Any CPU.ActiveCfg = Debug|Any CPU
		{16738C71-5365-4A88-9E87-D0AB0FE1EA5D}.Debug|Any CPU.Build.0 = Debug|Any CPU
		{16738C71-5365-4A88-9E87-D0AB0FE1EA5D}.Release|Any CPU.ActiveCfg = Release|Any CPU
		{16738C71-5365-4A88-9E87-D0AB0FE1EA5D}.Release|Any CPU.Build.0 = Release|Any CPU
		{AA2612A4-172B-47B2-B1DA-89EF4EB7D930}.Debug|Any CPU.ActiveCfg = Debug|Any CPU
		{AA2612A4-172B-47B2-B1DA-89EF4EB7D930}.Debug|Any CPU.Build.0 = Debug|Any CPU
		{AA2612A4-172B-47B2-B1DA-89EF4EB7D930}.Release|Any CPU.ActiveCfg = Release|Any CPU
		{AA2612A4-172B-47B2-B1DA-89EF4EB7D930}.Release|Any CPU.Build.0 = Release|Any CPU
	EndGlobalSection
EndGlobal
